
Microsoft Visual Studio Solution File, Format Version 12.00
# Visual Studio Version 17
VisualStudioVersion = 17.0.32126.317
MinimumVisualStudioVersion = 10.0.40219.1
Project("{FAE04EC0-301F-11D3-BF4B-00C04F79EFBC}") = "StopAppAPI", "StopAppAPI\StopAppAPI.csproj", "{60CB18E6-9E9E-4A08-AFDE-A2BEFC687F17}"
EndProject
Global
	GlobalSection(SolutionConfigurationPlatforms) = preSolution
		Debug|Any CPU = Debug|Any CPU
		Release|Any CPU = Release|Any CPU
	EndGlobalSection
	GlobalSection(ProjectConfigurationPlatforms) = postSolution
		{60CB18E6-9E9E-4A08-AFDE-A2BEFC687F17}.Debug|Any CPU.ActiveCfg = Debug|Any CPU
		{60CB18E6-9E9E-4A08-AFDE-A2BEFC687F17}.Debug|Any CPU.Build.0 = Debug|Any CPU
		{60CB18E6-9E9E-4A08-AFDE-A2BEFC687F17}.Release|Any CPU.ActiveCfg = Release|Any CPU
		{60CB18E6-9E9E-4A08-AFDE-A2BEFC687F17}.Release|Any CPU.Build.0 = Release|Any CPU
	EndGlobalSection
	GlobalSection(SolutionProperties) = preSolution
		HideSolutionNode = FALSE
	EndGlobalSection
	GlobalSection(ExtensibilityGlobals) = postSolution
		SolutionGuid = {3A2170D0-697F-454B-B6AC-62A8079F6A6D}
	EndGlobalSection
EndGlobal
